
Microsoft Visual Studio Solution File, Format Version 12.00
# Visual Studio Version 16
VisualStudioVersion = 16.0.29503.13
MinimumVisualStudioVersion = 10.0.40219.1
Project("{FAE04EC0-301F-11D3-BF4B-00C04F79EFBC}") = "DemoProject", "DemoProject.csproj", "{4CFF828B-15B3-4FE7-9B05-FFF0CEC9117F}"
EndProject
Global
	GlobalSection(SolutionConfigurationPlatforms) = preSolution
		Debug|Any CPU = Debug|Any CPU
		Release|Any CPU = Release|Any CPU
	EndGlobalSection
	GlobalSection(ProjectConfigurationPlatforms) = postSolution
		{4CFF828B-15B3-4FE7-9B05-FFF0CEC9117F}.Debug|Any CPU.ActiveCfg = Debug|Any CPU
		{4CFF828B-15B3-4FE7-9B05-FFF0CEC9117F}.Debug|Any CPU.Build.0 = Debug|Any CPU
		{4CFF828B-15B3-4FE7-9B05-FFF0CEC9117F}.Release|Any CPU.ActiveCfg = Release|Any CPU
		{4CFF828B-15B3-4FE7-9B05-FFF0CEC9117F}.Release|Any CPU.Build.0 = Release|Any CPU
	EndGlobalSection
	GlobalSection(SolutionProperties) = preSolution
		HideSolutionNode = FALSE
	EndGlobalSection
	GlobalSection(ExtensibilityGlobals) = postSolution
		SolutionGuid = {1DCDB003-3F58-4730-A76F-9907969325F0}
	EndGlobalSection
EndGlobal
